
Microsoft Visual Studio Solution File, Format Version 12.00
# Visual Studio 15
VisualStudioVersion = 15.0.27703.2018
MinimumVisualStudioVersion = 10.0.40219.1
Project("{FAE04EC0-301F-11D3-BF4B-00C04F79EFBC}") = "MonopolyWPF", "MonopolyWPF\MonopolyWPF.csproj", "{A820012C-E1EF-412B-9D51-836642B1CC6A}"
EndProject
Project("{FAE04EC0-301F-11D3-BF4B-00C04F79EFBC}") = "MonopolyServer", "MonopolyServer\MonopolyServer.csproj", "{63D30A57-E0C2-4D57-9B69-AF9E86ECCE5F}"
EndProject
Project("{FAE04EC0-301F-11D3-BF4B-00C04F79EFBC}") = "Model", "Model\Model.csproj", "{CD81EFB2-1EEA-4C8C-AB01-8A5640268B44}"
EndProject
Project("{FAE04EC0-301F-11D3-BF4B-00C04F79EFBC}") = "MonopolyServerHost", "ServerHost\MonopolyServerHost.csproj", "{68183197-862B-4185-B4C6-FD4BBE868DCA}"
EndProject
Project("{FAE04EC0-301F-11D3-BF4B-00C04F79EFBC}") = "MapEditor", "MapEditor\MapEditor.csproj", "{21699076-A140-479E-89BA-6F39B11A1DD8}"
EndProject
Project("{FAE04EC0-301F-11D3-BF4B-00C04F79EFBC}") = "CommonStyle", "CommonStyle\CommonStyle.csproj", "{32E1192B-5E7C-4140-AD1A-3EBCF59D5638}"
EndProject
Project("{FAE04EC0-301F-11D3-BF4B-00C04F79EFBC}") = "CommonControl", "CommonControl\CommonControl.csproj", "{2A65704A-97BB-4678-B6F0-BDECDF4A143F}"
EndProject
Global
	GlobalSection(SolutionConfigurationPlatforms) = preSolution
		Debug|Any CPU = Debug|Any CPU
		Release|Any CPU = Release|Any CPU
	EndGlobalSection
	GlobalSection(ProjectConfigurationPlatforms) = postSolution
		{A820012C-E1EF-412B-9D51-836642B1CC6A}.Debug|Any CPU.ActiveCfg = Debug|Any CPU
		{A820012C-E1EF-412B-9D51-836642B1CC6A}.Debug|Any CPU.Build.0 = Debug|Any CPU
		{A820012C-E1EF-412B-9D51-836642B1CC6A}.Release|Any CPU.ActiveCfg = Release|Any CPU
		{A820012C-E1EF-412B-9D51-836642B1CC6A}.Release|Any CPU.Build.0 = Release|Any CPU
		{63D30A57-E0C2-4D57-9B69-AF9E86ECCE5F}.Debug|Any CPU.ActiveCfg = Debug|Any CPU
		{63D30A57-E0C2-4D57-9B69-AF9E86ECCE5F}.Debug|Any CPU.Build.0 = Debug|Any CPU
		{63D30A57-E0C2-4D57-9B69-AF9E86ECCE5F}.Release|Any CPU.ActiveCfg = Release|Any CPU
		{63D30A57-E0C2-4D57-9B69-AF9E86ECCE5F}.Release|Any CPU.Build.0 = Release|Any CPU
		{CD81EFB2-1EEA-4C8C-AB01-8A5640268B44}.Debug|Any CPU.ActiveCfg = Debug|Any CPU
		{CD81EFB2-1EEA-4C8C-AB01-8A5640268B44}.Debug|Any CPU.Build.0 = Debug|Any CPU
		{CD81EFB2-1EEA-4C8C-AB01-8A5640268B44}.Release|Any CPU.ActiveCfg = Release|Any CPU
		{CD81EFB2-1EEA-4C8C-AB01-8A5640268B44}.Release|Any CPU.Build.0 = Release|Any CPU
		{68183197-862B-4185-B4C6-FD4BBE868DCA}.Debug|Any CPU.ActiveCfg = Debug|Any CPU
		{68183197-862B-4185-B4C6-FD4BBE868DCA}.Debug|Any CPU.Build.0 = Debug|Any CPU
		{68183197-862B-4185-B4C6-FD4BBE868DCA}.Release|Any CPU.ActiveCfg = Release|Any CPU
		{68183197-862B-4185-B4C6-FD4BBE868DCA}.Release|Any CPU.Build.0 = Release|Any CPU
		{21699076-A140-479E-89BA-6F39B11A1DD8}.Debug|Any CPU.ActiveCfg = Debug|Any CPU
		{21699076-A140-479E-89BA-6F39B11A1DD8}.Debug|Any CPU.Build.0 = Debug|Any CPU
		{21699076-A140-479E-89BA-6F39B11A1DD8}.Release|Any CPU.ActiveCfg = Release|Any CPU
		{21699076-A140-479E-89BA-6F39B11A1DD8}.Release|Any CPU.Build.0 = Release|Any CPU
		{32E1192B-5E7C-4140-AD1A-3EBCF59D5638}.Debug|Any CPU.ActiveCfg = Debug|Any CPU
		{32E1192B-5E7C-4140-AD1A-3EBCF59D5638}.Debug|Any CPU.Build.0 = Debug|Any CPU
		{32E1192B-5E7C-4140-AD1A-3EBCF59D5638}.Release|Any CPU.ActiveCfg = Release|Any CPU
		{32E1192B-5E7C-4140-AD1A-3EBCF59D5638}.Release|Any CPU.Build.0 = Release|Any CPU
		{2A65704A-97BB-4678-B6F0-BDECDF4A143F}.Debug|Any CPU.ActiveCfg = Debug|Any CPU
		{2A65704A-97BB-4678-B6F0-BDECDF4A143F}.Debug|Any CPU.Build.0 = Debug|Any CPU
		{2A65704A-97BB-4678-B6F0-BDECDF4A143F}.Release|Any CPU.ActiveCfg = Release|Any CPU
		{2A65704A-97BB-4678-B6F0-BDECDF4A143F}.Release|Any CPU.Build.0 = Release|Any CPU
	EndGlobalSection
	GlobalSection(SolutionProperties) = preSolution
		HideSolutionNode = FALSE
	EndGlobalSection
	GlobalSection(ExtensibilityGlobals) = postSolution
		SolutionGuid = {7551B971-DD11-4D1D-B84E-16E26C65B487}
	EndGlobalSection
	GlobalSection(ExtensibilityGlobals) = postSolution
		SolutionGuid = {7551B971-DD11-4D1D-B84E-16E26C65B487}
	EndGlobalSection
EndGlobal
